
Microsoft Visual Studio Solution File, Format Version 12.00
# Visual Studio Version 16
VisualStudioVersion = 16.0.29920.165
MinimumVisualStudioVersion = 10.0.40219.1
Project("{9A19103F-16F7-4668-BE54-9A1E7A4F7556}") = "RadicalECart", "RadicalECart\RadicalECart.csproj", "{81E57B88-7103-4C10-B283-761460134A5E}"
EndProject
Global
	GlobalSection(SolutionConfigurationPlatforms) = preSolution
		Debug|Any CPU = Debug|Any CPU
		Release|Any CPU = Release|Any CPU
	EndGlobalSection
	GlobalSection(ProjectConfigurationPlatforms) = postSolution
		{81E57B88-7103-4C10-B283-761460134A5E}.Debug|Any CPU.ActiveCfg = Debug|Any CPU
		{81E57B88-7103-4C10-B283-761460134A5E}.Debug|Any CPU.Build.0 = Debug|Any CPU
		{81E57B88-7103-4C10-B283-761460134A5E}.Release|Any CPU.ActiveCfg = Release|Any CPU
		{81E57B88-7103-4C10-B283-761460134A5E}.Release|Any CPU.Build.0 = Release|Any CPU
	EndGlobalSection
	GlobalSection(SolutionProperties) = preSolution
		HideSolutionNode = FALSE
	EndGlobalSection
	GlobalSection(ExtensibilityGlobals) = postSolution
		SolutionGuid = {963D5714-1B97-409A-AA2B-096B2DC0BF8D}
	EndGlobalSection
EndGlobal
