
Microsoft Visual Studio Solution File, Format Version 12.00
# Visual Studio Version 16
VisualStudioVersion = 16.0.29920.165
MinimumVisualStudioVersion = 10.0.40219.1
Project("{FAE04EC0-301F-11D3-BF4B-00C04F79EFBC}") = "Radical_Ecart_UserManagementService", "Radical_Ecart_UserManagementService\Radical_Ecart_UserManagementService.csproj", "{5ED100F8-9F11-4DF9-8656-CD4B283C380E}"
EndProject
Global
	GlobalSection(SolutionConfigurationPlatforms) = preSolution
		Debug|Any CPU = Debug|Any CPU
		Release|Any CPU = Release|Any CPU
	EndGlobalSection
	GlobalSection(ProjectConfigurationPlatforms) = postSolution
		{5ED100F8-9F11-4DF9-8656-CD4B283C380E}.Debug|Any CPU.ActiveCfg = Debug|Any CPU
		{5ED100F8-9F11-4DF9-8656-CD4B283C380E}.Debug|Any CPU.Build.0 = Debug|Any CPU
		{5ED100F8-9F11-4DF9-8656-CD4B283C380E}.Release|Any CPU.ActiveCfg = Release|Any CPU
		{5ED100F8-9F11-4DF9-8656-CD4B283C380E}.Release|Any CPU.Build.0 = Release|Any CPU
	EndGlobalSection
	GlobalSection(SolutionProperties) = preSolution
		HideSolutionNode = FALSE
	EndGlobalSection
	GlobalSection(ExtensibilityGlobals) = postSolution
		SolutionGuid = {ED68A4AE-AC7B-4850-AFBC-ABABACE31D15}
	EndGlobalSection
EndGlobal
